
Microsoft Visual Studio Solution File, Format Version 12.00
# Visual Studio Version 17
VisualStudioVersion = 17.1.32210.238
MinimumVisualStudioVersion = 10.0.40219.1
Project("{FAE04EC0-301F-11D3-BF4B-00C04F79EFBC}") = "Uppgift 2.3", "Uppgift 2.3\Uppgift 2.3.csproj", "{48003537-293F-47FF-BED5-9ACC759EB46C}"
EndProject
Global
	GlobalSection(SolutionConfigurationPlatforms) = preSolution
		Debug|Any CPU = Debug|Any CPU
		Release|Any CPU = Release|Any CPU
	EndGlobalSection
	GlobalSection(ProjectConfigurationPlatforms) = postSolution
		{48003537-293F-47FF-BED5-9ACC759EB46C}.Debug|Any CPU.ActiveCfg = Debug|Any CPU
		{48003537-293F-47FF-BED5-9ACC759EB46C}.Debug|Any CPU.Build.0 = Debug|Any CPU
		{48003537-293F-47FF-BED5-9ACC759EB46C}.Release|Any CPU.ActiveCfg = Release|Any CPU
		{48003537-293F-47FF-BED5-9ACC759EB46C}.Release|Any CPU.Build.0 = Release|Any CPU
	EndGlobalSection
	GlobalSection(SolutionProperties) = preSolution
		HideSolutionNode = FALSE
	EndGlobalSection
	GlobalSection(ExtensibilityGlobals) = postSolution
		SolutionGuid = {50EA7D6F-3CA4-4B46-8B4E-93DC70446483}
	EndGlobalSection
EndGlobal
